
Microsoft Visual Studio Solution File, Format Version 12.00
# Visual Studio 15
Project("{FAE04EC0-301F-11D3-BF4B-00C04F79EFBC}") = "ArtNews.Android", "ArtNews.Android\ArtNews.Android.csproj", "{66F19F39-1255-4C5B-A7A2-544EAE9DD0D7}"
EndProject
Project("{FAE04EC0-301F-11D3-BF4B-00C04F79EFBC}") = "ArtNews.iOS", "ArtNews.iOS\ArtNews.iOS.csproj", "{5D1D2E6C-25A0-41FB-AA12-76708B8F6D05}"
EndProject
Project("{FAE04EC0-301F-11D3-BF4B-00C04F79EFBC}") = "ArtNews", "ArtNews\ArtNews.csproj", "{5120E9B5-5BDA-4513-B28B-9E229D844291}"
EndProject
Global
	GlobalSection(SolutionConfigurationPlatforms) = preSolution
		Debug|Any CPU = Debug|Any CPU
		Release|Any CPU = Release|Any CPU
		Debug|iPhoneSimulator = Debug|iPhoneSimulator
		Release|iPhoneSimulator = Release|iPhoneSimulator
		Debug|iPhone = Debug|iPhone
		Release|iPhone = Release|iPhone
	EndGlobalSection
	GlobalSection(ProjectConfigurationPlatforms) = postSolution
		{66F19F39-1255-4C5B-A7A2-544EAE9DD0D7}.Debug|Any CPU.ActiveCfg = Debug|Any CPU
		{66F19F39-1255-4C5B-A7A2-544EAE9DD0D7}.Debug|Any CPU.Build.0 = Debug|Any CPU
		{66F19F39-1255-4C5B-A7A2-544EAE9DD0D7}.Release|Any CPU.ActiveCfg = Release|Any CPU
		{66F19F39-1255-4C5B-A7A2-544EAE9DD0D7}.Release|Any CPU.Build.0 = Release|Any CPU
		{66F19F39-1255-4C5B-A7A2-544EAE9DD0D7}.Debug|iPhoneSimulator.ActiveCfg = Debug|Any CPU
		{66F19F39-1255-4C5B-A7A2-544EAE9DD0D7}.Debug|iPhoneSimulator.Build.0 = Debug|Any CPU
		{66F19F39-1255-4C5B-A7A2-544EAE9DD0D7}.Release|iPhoneSimulator.ActiveCfg = Release|Any CPU
		{66F19F39-1255-4C5B-A7A2-544EAE9DD0D7}.Release|iPhoneSimulator.Build.0 = Release|Any CPU
		{66F19F39-1255-4C5B-A7A2-544EAE9DD0D7}.Debug|iPhone.ActiveCfg = Debug|Any CPU
		{66F19F39-1255-4C5B-A7A2-544EAE9DD0D7}.Debug|iPhone.Build.0 = Debug|Any CPU
		{66F19F39-1255-4C5B-A7A2-544EAE9DD0D7}.Release|iPhone.ActiveCfg = Release|Any CPU
		{66F19F39-1255-4C5B-A7A2-544EAE9DD0D7}.Release|iPhone.Build.0 = Release|Any CPU
		{5D1D2E6C-25A0-41FB-AA12-76708B8F6D05}.Debug|Any CPU.ActiveCfg = Debug|iPhoneSimulator
		{5D1D2E6C-25A0-41FB-AA12-76708B8F6D05}.Debug|Any CPU.Build.0 = Debug|iPhoneSimulator
		{5D1D2E6C-25A0-41FB-AA12-76708B8F6D05}.Release|Any CPU.ActiveCfg = Release|iPhoneSimulator
		{5D1D2E6C-25A0-41FB-AA12-76708B8F6D05}.Release|Any CPU.Build.0 = Release|iPhoneSimulator
		{5D1D2E6C-25A0-41FB-AA12-76708B8F6D05}.Debug|iPhoneSimulator.ActiveCfg = Debug|iPhoneSimulator
		{5D1D2E6C-25A0-41FB-AA12-76708B8F6D05}.Debug|iPhoneSimulator.Build.0 = Debug|iPhoneSimulator
		{5D1D2E6C-25A0-41FB-AA12-76708B8F6D05}.Release|iPhoneSimulator.ActiveCfg = Release|iPhoneSimulator
		{5D1D2E6C-25A0-41FB-AA12-76708B8F6D05}.Release|iPhoneSimulator.Build.0 = Release|iPhoneSimulator
		{5D1D2E6C-25A0-41FB-AA12-76708B8F6D05}.Debug|iPhone.ActiveCfg = Debug|iPhone
		{5D1D2E6C-25A0-41FB-AA12-76708B8F6D05}.Debug|iPhone.Build.0 = Debug|iPhone
		{5D1D2E6C-25A0-41FB-AA12-76708B8F6D05}.Release|iPhone.ActiveCfg = Release|iPhone
		{5D1D2E6C-25A0-41FB-AA12-76708B8F6D05}.Release|iPhone.Build.0 = Release|iPhone
		{5120E9B5-5BDA-4513-B28B-9E229D844291}.Debug|Any CPU.ActiveCfg = Debug|Any CPU
		{5120E9B5-5BDA-4513-B28B-9E229D844291}.Debug|Any CPU.Build.0 = Debug|Any CPU
		{5120E9B5-5BDA-4513-B28B-9E229D844291}.Release|Any CPU.ActiveCfg = Release|Any CPU
		{5120E9B5-5BDA-4513-B28B-9E229D844291}.Release|Any CPU.Build.0 = Release|Any CPU
		{5120E9B5-5BDA-4513-B28B-9E229D844291}.Debug|iPhoneSimulator.ActiveCfg = Debug|Any CPU
		{5120E9B5-5BDA-4513-B28B-9E229D844291}.Debug|iPhoneSimulator.Build.0 = Debug|Any CPU
		{5120E9B5-5BDA-4513-B28B-9E229D844291}.Release|iPhoneSimulator.ActiveCfg = Release|Any CPU
		{5120E9B5-5BDA-4513-B28B-9E229D844291}.Release|iPhoneSimulator.Build.0 = Release|Any CPU
		{5120E9B5-5BDA-4513-B28B-9E229D844291}.Debug|iPhone.ActiveCfg = Debug|Any CPU
		{5120E9B5-5BDA-4513-B28B-9E229D844291}.Debug|iPhone.Build.0 = Debug|Any CPU
		{5120E9B5-5BDA-4513-B28B-9E229D844291}.Release|iPhone.ActiveCfg = Release|Any CPU
		{5120E9B5-5BDA-4513-B28B-9E229D844291}.Release|iPhone.Build.0 = Release|Any CPU
	EndGlobalSection
EndGlobal
